
Microsoft Visual Studio Solution File, Format Version 12.00
# Visual Studio 15
VisualStudioVersion = 15.0.28307.1082
MinimumVisualStudioVersion = 10.0.40219.1
Project("{FAE04EC0-301F-11D3-BF4B-00C04F79EFBC}") = "Chapter10", "Chapter10\Chapter10.csproj", "{0617F051-C45D-4F6A-A875-11F60F008B8F}"
EndProject
Project("{FAE04EC0-301F-11D3-BF4B-00C04F79EFBC}") = "Chapter11", "Chapter11\Chapter11.csproj", "{585E6411-7AEF-4E19-A987-43E36A35502B}"
EndProject
Project("{FAE04EC0-301F-11D3-BF4B-00C04F79EFBC}") = "Chapter12", "Chapter12\Chapter12.csproj", "{E27DD24D-8FFA-474A-8605-BC391B06CB4C}"
EndProject
Project("{FAE04EC0-301F-11D3-BF4B-00C04F79EFBC}") = "Chapter01", "Chapter01\Chapter01.csproj", "{922094D0-F4AA-4914-A397-53661E4EB754}"
EndProject
Project("{FAE04EC0-301F-11D3-BF4B-00C04F79EFBC}") = "Chapter02", "Chapter02\Chapter02.csproj", "{7DB79042-5BFE-4E32-898B-611AD7D06855}"
EndProject
Project("{FAE04EC0-301F-11D3-BF4B-00C04F79EFBC}") = "Chapter03", "Chapter03\Chapter03.csproj", "{34DB44BD-67AB-4869-9BB7-219F4C5F969D}"
EndProject
Project("{FAE04EC0-301F-11D3-BF4B-00C04F79EFBC}") = "Chapter04", "Chapter04\Chapter04.csproj", "{4F49B0BD-686A-459C-8A75-A0A48E94A045}"
EndProject
Project("{FAE04EC0-301F-11D3-BF4B-00C04F79EFBC}") = "Chapter05", "Chapter05\Chapter05.csproj", "{119A67D2-F200-4F9C-857B-1277E306C011}"
EndProject
Project("{FAE04EC0-301F-11D3-BF4B-00C04F79EFBC}") = "Chapter06", "Chapter06\Chapter06.csproj", "{3971D8FF-0EFE-489F-942D-FC44040AAB45}"
EndProject
Project("{FAE04EC0-301F-11D3-BF4B-00C04F79EFBC}") = "Chapter07", "Chapter07\Chapter07.csproj", "{E25ADBA1-438F-4401-8410-18BAA85FDCEA}"
EndProject
Project("{FAE04EC0-301F-11D3-BF4B-00C04F79EFBC}") = "Chapter08", "Chapter08\Chapter08.csproj", "{EF5961F4-8A25-40F0-B3AC-2CF741E30AD7}"
EndProject
Project("{FAE04EC0-301F-11D3-BF4B-00C04F79EFBC}") = "Chapter09", "Chapter09\Chapter09.csproj", "{DD15BC5E-A5F2-4A84-8B81-E4A5B306B37B}"
EndProject
Global
	GlobalSection(SolutionConfigurationPlatforms) = preSolution
		Debug|Any CPU = Debug|Any CPU
		Release|Any CPU = Release|Any CPU
	EndGlobalSection
	GlobalSection(ProjectConfigurationPlatforms) = postSolution
		{0617F051-C45D-4F6A-A875-11F60F008B8F}.Debug|Any CPU.ActiveCfg = Debug|Any CPU
		{0617F051-C45D-4F6A-A875-11F60F008B8F}.Debug|Any CPU.Build.0 = Debug|Any CPU
		{0617F051-C45D-4F6A-A875-11F60F008B8F}.Release|Any CPU.ActiveCfg = Release|Any CPU
		{0617F051-C45D-4F6A-A875-11F60F008B8F}.Release|Any CPU.Build.0 = Release|Any CPU
		{585E6411-7AEF-4E19-A987-43E36A35502B}.Debug|Any CPU.ActiveCfg = Debug|Any CPU
		{585E6411-7AEF-4E19-A987-43E36A35502B}.Debug|Any CPU.Build.0 = Debug|Any CPU
		{585E6411-7AEF-4E19-A987-43E36A35502B}.Release|Any CPU.ActiveCfg = Release|Any CPU
		{585E6411-7AEF-4E19-A987-43E36A35502B}.Release|Any CPU.Build.0 = Release|Any CPU
		{E27DD24D-8FFA-474A-8605-BC391B06CB4C}.Debug|Any CPU.ActiveCfg = Debug|Any CPU
		{E27DD24D-8FFA-474A-8605-BC391B06CB4C}.Debug|Any CPU.Build.0 = Debug|Any CPU
		{E27DD24D-8FFA-474A-8605-BC391B06CB4C}.Release|Any CPU.ActiveCfg = Release|Any CPU
		{E27DD24D-8FFA-474A-8605-BC391B06CB4C}.Release|Any CPU.Build.0 = Release|Any CPU
		{922094D0-F4AA-4914-A397-53661E4EB754}.Debug|Any CPU.ActiveCfg = Debug|Any CPU
		{922094D0-F4AA-4914-A397-53661E4EB754}.Debug|Any CPU.Build.0 = Debug|Any CPU
		{922094D0-F4AA-4914-A397-53661E4EB754}.Release|Any CPU.ActiveCfg = Release|Any CPU
		{922094D0-F4AA-4914-A397-53661E4EB754}.Release|Any CPU.Build.0 = Release|Any CPU
		{7DB79042-5BFE-4E32-898B-611AD7D06855}.Debug|Any CPU.ActiveCfg = Debug|Any CPU
		{7DB79042-5BFE-4E32-898B-611AD7D06855}.Debug|Any CPU.Build.0 = Debug|Any CPU
		{7DB79042-5BFE-4E32-898B-611AD7D06855}.Release|Any CPU.ActiveCfg = Release|Any CPU
		{7DB79042-5BFE-4E32-898B-611AD7D06855}.Release|Any CPU.Build.0 = Release|Any CPU
		{34DB44BD-67AB-4869-9BB7-219F4C5F969D}.Debug|Any CPU.ActiveCfg = Debug|Any CPU
		{34DB44BD-67AB-4869-9BB7-219F4C5F969D}.Debug|Any CPU.Build.0 = Debug|Any CPU
		{34DB44BD-67AB-4869-9BB7-219F4C5F969D}.Release|Any CPU.ActiveCfg = Release|Any CPU
		{34DB44BD-67AB-4869-9BB7-219F4C5F969D}.Release|Any CPU.Build.0 = Release|Any CPU
		{4F49B0BD-686A-459C-8A75-A0A48E94A045}.Debug|Any CPU.ActiveCfg = Debug|Any CPU
		{4F49B0BD-686A-459C-8A75-A0A48E94A045}.Debug|Any CPU.Build.0 = Debug|Any CPU
		{4F49B0BD-686A-459C-8A75-A0A48E94A045}.Release|Any CPU.ActiveCfg = Release|Any CPU
		{4F49B0BD-686A-459C-8A75-A0A48E94A045}.Release|Any CPU.Build.0 = Release|Any CPU
		{119A67D2-F200-4F9C-857B-1277E306C011}.Debug|Any CPU.ActiveCfg = Debug|Any CPU
		{119A67D2-F200-4F9C-857B-1277E306C011}.Debug|Any CPU.Build.0 = Debug|Any CPU
		{119A67D2-F200-4F9C-857B-1277E306C011}.Release|Any CPU.ActiveCfg = Release|Any CPU
		{119A67D2-F200-4F9C-857B-1277E306C011}.Release|Any CPU.Build.0 = Release|Any CPU
		{3971D8FF-0EFE-489F-942D-FC44040AAB45}.Debug|Any CPU.ActiveCfg = Debug|Any CPU
		{3971D8FF-0EFE-489F-942D-FC44040AAB45}.Debug|Any CPU.Build.0 = Debug|Any CPU
		{3971D8FF-0EFE-489F-942D-FC44040AAB45}.Release|Any CPU.ActiveCfg = Release|Any CPU
		{3971D8FF-0EFE-489F-942D-FC44040AAB45}.Release|Any CPU.Build.0 = Release|Any CPU
		{E25ADBA1-438F-4401-8410-18BAA85FDCEA}.Debug|Any CPU.ActiveCfg = Debug|Any CPU
		{E25ADBA1-438F-4401-8410-18BAA85FDCEA}.Debug|Any CPU.Build.0 = Debug|Any CPU
		{E25ADBA1-438F-4401-8410-18BAA85FDCEA}.Release|Any CPU.ActiveCfg = Release|Any CPU
		{E25ADBA1-438F-4401-8410-18BAA85FDCEA}.Release|Any CPU.Build.0 = Release|Any CPU
		{EF5961F4-8A25-40F0-B3AC-2CF741E30AD7}.Debug|Any CPU.ActiveCfg = Debug|Any CPU
		{EF5961F4-8A25-40F0-B3AC-2CF741E30AD7}.Debug|Any CPU.Build.0 = Debug|Any CPU
		{EF5961F4-8A25-40F0-B3AC-2CF741E30AD7}.Release|Any CPU.ActiveCfg = Release|Any CPU
		{EF5961F4-8A25-40F0-B3AC-2CF741E30AD7}.Release|Any CPU.Build.0 = Release|Any CPU
		{DD15BC5E-A5F2-4A84-8B81-E4A5B306B37B}.Debug|Any CPU.ActiveCfg = Debug|Any CPU
		{DD15BC5E-A5F2-4A84-8B81-E4A5B306B37B}.Debug|Any CPU.Build.0 = Debug|Any CPU
		{DD15BC5E-A5F2-4A84-8B81-E4A5B306B37B}.Release|Any CPU.ActiveCfg = Release|Any CPU
		{DD15BC5E-A5F2-4A84-8B81-E4A5B306B37B}.Release|Any CPU.Build.0 = Release|Any CPU
	EndGlobalSection
	GlobalSection(SolutionProperties) = preSolution
		HideSolutionNode = FALSE
	EndGlobalSection
	GlobalSection(ExtensibilityGlobals) = postSolution
		SolutionGuid = {14165024-4F65-4165-9CEE-53D9EEF2ACF8}
	EndGlobalSection
EndGlobal
