
Microsoft Visual Studio Solution File, Format Version 12.00
# Visual Studio 15
VisualStudioVersion = 15.0.28307.1082
MinimumVisualStudioVersion = 10.0.40219.1
Project("{FAE04EC0-301F-11D3-BF4B-00C04F79EFBC}") = "Chapter1", "Chapter1\Chapter1.csproj", "{922094D0-F4AA-4914-A397-53661E4EB754}"
EndProject
Global
	GlobalSection(SolutionConfigurationPlatforms) = preSolution
		Debug|Any CPU = Debug|Any CPU
		Release|Any CPU = Release|Any CPU
	EndGlobalSection
	GlobalSection(ProjectConfigurationPlatforms) = postSolution
		{922094D0-F4AA-4914-A397-53661E4EB754}.Debug|Any CPU.ActiveCfg = Debug|Any CPU
		{922094D0-F4AA-4914-A397-53661E4EB754}.Debug|Any CPU.Build.0 = Debug|Any CPU
		{922094D0-F4AA-4914-A397-53661E4EB754}.Release|Any CPU.ActiveCfg = Release|Any CPU
		{922094D0-F4AA-4914-A397-53661E4EB754}.Release|Any CPU.Build.0 = Release|Any CPU
	EndGlobalSection
	GlobalSection(SolutionProperties) = preSolution
		HideSolutionNode = FALSE
	EndGlobalSection
	GlobalSection(ExtensibilityGlobals) = postSolution
		SolutionGuid = {14165024-4F65-4165-9CEE-53D9EEF2ACF8}
	EndGlobalSection
EndGlobal
