
Microsoft Visual Studio Solution File, Format Version 12.00
# Visual Studio 15
VisualStudioVersion = 15.0.28307.1082
MinimumVisualStudioVersion = 10.0.40219.1
Project("{FAE04EC0-301F-11D3-BF4B-00C04F79EFBC}") = "Chapter1", "Chapter1\Chapter1.csproj", "{922094D0-F4AA-4914-A397-53661E4EB754}"
EndProject
Project("{FAE04EC0-301F-11D3-BF4B-00C04F79EFBC}") = "Chapter2", "Chapter2\Chapter2.csproj", "{7DB79042-5BFE-4E32-898B-611AD7D06855}"
EndProject
Project("{FAE04EC0-301F-11D3-BF4B-00C04F79EFBC}") = "Chapter3", "Chapter3\Chapter3.csproj", "{34DB44BD-67AB-4869-9BB7-219F4C5F969D}"
EndProject
Global
	GlobalSection(SolutionConfigurationPlatforms) = preSolution
		Debug|Any CPU = Debug|Any CPU
		Release|Any CPU = Release|Any CPU
	EndGlobalSection
	GlobalSection(ProjectConfigurationPlatforms) = postSolution
		{922094D0-F4AA-4914-A397-53661E4EB754}.Debug|Any CPU.ActiveCfg = Debug|Any CPU
		{922094D0-F4AA-4914-A397-53661E4EB754}.Debug|Any CPU.Build.0 = Debug|Any CPU
		{922094D0-F4AA-4914-A397-53661E4EB754}.Release|Any CPU.ActiveCfg = Release|Any CPU
		{922094D0-F4AA-4914-A397-53661E4EB754}.Release|Any CPU.Build.0 = Release|Any CPU
		{7DB79042-5BFE-4E32-898B-611AD7D06855}.Debug|Any CPU.ActiveCfg = Debug|Any CPU
		{7DB79042-5BFE-4E32-898B-611AD7D06855}.Debug|Any CPU.Build.0 = Debug|Any CPU
		{7DB79042-5BFE-4E32-898B-611AD7D06855}.Release|Any CPU.ActiveCfg = Release|Any CPU
		{7DB79042-5BFE-4E32-898B-611AD7D06855}.Release|Any CPU.Build.0 = Release|Any CPU
		{34DB44BD-67AB-4869-9BB7-219F4C5F969D}.Debug|Any CPU.ActiveCfg = Debug|Any CPU
		{34DB44BD-67AB-4869-9BB7-219F4C5F969D}.Debug|Any CPU.Build.0 = Debug|Any CPU
		{34DB44BD-67AB-4869-9BB7-219F4C5F969D}.Release|Any CPU.ActiveCfg = Release|Any CPU
		{34DB44BD-67AB-4869-9BB7-219F4C5F969D}.Release|Any CPU.Build.0 = Release|Any CPU
	EndGlobalSection
	GlobalSection(SolutionProperties) = preSolution
		HideSolutionNode = FALSE
	EndGlobalSection
	GlobalSection(ExtensibilityGlobals) = postSolution
		SolutionGuid = {14165024-4F65-4165-9CEE-53D9EEF2ACF8}
	EndGlobalSection
EndGlobal
